# THIS IS AN AUTOGENERATED FILE. DO NOT EDIT THIS FILE DIRECTLY.
# yarn lockfile v1


"@calcit/procs@^0.7.9":
  version "0.7.9"
  resolved "https://registry.npmmirror.com/@calcit/procs/-/procs-0.7.9.tgz#243cea1421a3e11bfac56f8bfc5929e745a38d69"
  integrity sha512-XPdoyVCbpVzWj0pNDH3G4cKqAbSwxa5S5sM0pqdCoIQVdkp7CBc1d0DO8gDNBAVsU+bPM18ZEU9Mo3jQYbWSIg==
  dependencies:
    "@calcit/ternary-tree" "0.0.22"
    "@cirru/parser.ts" "^0.0.6"
    "@cirru/writer.ts" "^0.1.3"

"@calcit/ternary-tree@0.0.22":
  version "0.0.22"
  resolved "https://registry.npmmirror.com/@calcit/ternary-tree/-/ternary-tree-0.0.22.tgz#ac6e0659981457b0465cbf95eba222b43ab14222"
  integrity sha512-f+enhj0iCe6eX6/gcLRpCQeJnY38DxMUooyO3cJxE2JynyTBk/JhmdojTiggm3UX21vw4QUXz/LwGtLOcwcrGA==

"@cirru/parser.ts@^0.0.6":
  version "0.0.6"
  resolved "https://registry.npmmirror.com/@cirru/parser.ts/-/parser.ts-0.0.6.tgz#b95a84e02273fcbd71ff100925782b6f86410234"
  integrity sha512-qpDNPq+IuuwYjQFI+wzpd3ntbF7lwJs90v1XWyLQbL9Ru4ld4aHxVGwW/9F/QOu5mEGCMXtagCoYDf0HtOpDZg==

"@cirru/writer.ts@^0.1.3":
  version "0.1.3"
  resolved "https://registry.npmmirror.com/@cirru/writer.ts/-/writer.ts-0.1.3.tgz#5f54bdecaa20ba3dab16cbe6da711854138a9c0a"
  integrity sha512-vJnhmhm7we5UfQIwmZfQpF3bAFbVybzT6LbmkbQHxgijaQg3gPfNVsnSIa3g3KpmWVtvkzEx+nUy5aMwsJiV1A==
