# THIS IS AN AUTOGENERATED FILE. DO NOT EDIT THIS FILE DIRECTLY.
# yarn lockfile v1


"@calcit/procs@^0.7.12":
  version "0.7.12"
  resolved "https://registry.yarnpkg.com/@calcit/procs/-/procs-0.7.12.tgz#cba18f0c4c4bb94fc6ee3ad047efb70dc5cd4ea5"
  integrity sha512-s8EfEqx9j+XsdQVHpBbayEE8HkEeofP0E+AmhdXPy3ZeGUqvZKQq39bE/JFE9q5ne4HlBhDXPdJPtXxRRQXXgg==
  dependencies:
    "@calcit/ternary-tree" "0.0.22"
    "@cirru/parser.ts" "^0.0.6"
    "@cirru/writer.ts" "^0.1.4"

"@calcit/ternary-tree@0.0.22":
  version "0.0.22"
  resolved "https://registry.yarnpkg.com/@calcit/ternary-tree/-/ternary-tree-0.0.22.tgz#ac6e0659981457b0465cbf95eba222b43ab14222"
  integrity sha512-f+enhj0iCe6eX6/gcLRpCQeJnY38DxMUooyO3cJxE2JynyTBk/JhmdojTiggm3UX21vw4QUXz/LwGtLOcwcrGA==

"@cirru/parser.ts@^0.0.6":
  version "0.0.6"
  resolved "https://registry.yarnpkg.com/@cirru/parser.ts/-/parser.ts-0.0.6.tgz#b95a84e02273fcbd71ff100925782b6f86410234"
  integrity sha512-qpDNPq+IuuwYjQFI+wzpd3ntbF7lwJs90v1XWyLQbL9Ru4ld4aHxVGwW/9F/QOu5mEGCMXtagCoYDf0HtOpDZg==

"@cirru/writer.ts@^0.1.4":
  version "0.1.4"
  resolved "https://registry.yarnpkg.com/@cirru/writer.ts/-/writer.ts-0.1.4.tgz#4b5851d002ab7c4891457bf8c707f09620c8f122"
  integrity sha512-Uy3Y7jjLdaxLW9ajZuIS9rp+dhaSVU95hRRwvnP6E16PwgPl+zGs6Xqn1L7Lqw07ypujrdBBdFQyRJOLc6IHQQ==
